{
    "requires": true,
    "lockfileVersion": 1,
    "dependencies": {
        "@types/node": {
            "version": "13.13.21",
            "resolved": "https://registry.npmjs.org/@types/node/-/node-13.13.21.tgz",
            "integrity": "sha512-tlFWakSzBITITJSxHV4hg4KvrhR/7h3xbJdSFbYJBVzKubrASbnnIFuSgolUh7qKGo/ZeJPKUfbZ0WS6Jp14DQ=="
        }
    }
}
